PODS:
  - ESFramework (2.4.13):
    - ESFramework/Core (= 2.4.13)
    - ESFramework/UIKit (= 2.4.13)
  - ESFramework/Core (2.4.13)
  - ESFramework/UIKit (2.4.13):
    - ESFramework/Core

DEPENDENCIES:
  - ESFramework (= 2.4.13)

SPEC REPOS:
  https://github.com/CocoaPods/Specs.git:
    - ESFramework

SPEC CHECKSUMS:
  ESFramework: 700a40439bcc0b296fa70ac8765b409b8157044f

PODFILE CHECKSUM: f0e67260baa7a4433580b4b24ae99857bc3afbcf

COCOAPODS: 1.5.0
