// !$*UTF8*$!
{
	archiveVersion = 1;
	classes = {
	};
	objectVersion = 50;
	objects = {

/* Begin PBXBuildFile section */
		4213A2001D9476FFA9D9572E /* libPods-多线程.a in Frameworks */ = {isa = PBXBuildFile; fileRef = 17492C364ABE48231217030D /* libPods-多线程.a */; };
		C5FAF13A213780A700055715 /* AppDelegate.m in Sources */ = {isa = PBXBuildFile; fileRef = C5FAF139213780A700055715 /* AppDelegate.m */; };
		C5FAF13D213780A700055715 /* ViewController.m in Sources */ = {isa = PBXBuildFile; fileRef = C5FAF13C213780A700055715 /* ViewController.m */; };
		C5FAF140213780A700055715 /* Main.storyboard in Resources */ = {isa = PBXBuildFile; fileRef = C5FAF13E213780A700055715 /* Main.storyboard */; };
		C5FAF142213780A800055715 /* Assets.xcassets in Resources */ = {isa = PBXBuildFile; fileRef = C5FAF141213780A800055715 /* Assets.xcassets */; };
		C5FAF145213780A800055715 /* LaunchScreen.storyboard in Resources */ = {isa = PBXBuildFile; fileRef = C5FAF143213780A800055715 /* LaunchScreen.storyboard */; };
		C5FAF148213780A800055715 /* main.m in Sources */ = {isa = PBXBuildFile; fileRef = C5FAF147213780A800055715 /* main.m */; };
		C5FAF150213780CC00055715 /* IMBridge.m in Sources */ = {isa = PBXBuildFile; fileRef = C5FAF14F213780CC00055715 /* IMBridge.m */; };
		C5FAF153213783CC00055715 /* NSArray+ESAdditions.m in Sources */ = {isa = PBXBuildFile; fileRef = C5FAF152213783CC00055715 /* NSArray+ESAdditions.m */; };
		C5FAF15621378E4B00055715 /* xxxx.m in Sources */ = {isa = PBXBuildFile; fileRef = C5FAF15521378E4B00055715 /* xxxx.m */; };
/* End PBXBuildFile section */

/* Begin PBXFileReference section */
		17492C364ABE48231217030D /* libPods-多线程.a */ = {isa = PBXFileReference; explicitFileType = archive.ar; includeInIndex = 0; path = "libPods-多线程.a"; sourceTree = BUILT_PRODUCTS_DIR; };
		5D2EB03172E369832F2514F5 /* Pods-多线程.debug.xcconfig */ = {isa = PBXFileReference; includeInIndex = 1; lastKnownFileType = text.xcconfig; name = "Pods-多线程.debug.xcconfig"; path = "Pods/Target Support Files/Pods-多线程/Pods-多线程.debug.xcconfig"; sourceTree = "<group>"; };
		A9B2FADD810E831AF890AFFC /* Pods-多线程.release.xcconfig */ = {isa = PBXFileReference; includeInIndex = 1; lastKnownFileType = text.xcconfig; name = "Pods-多线程.release.xcconfig"; path = "Pods/Target Support Files/Pods-多线程/Pods-多线程.release.xcconfig"; sourceTree = "<group>"; };
		C5FAF135213780A700055715 /* 多线程.app */ = {isa = PBXFileReference; explicitFileType = wrapper.application; includeInIndex = 0; path = "多线程.app"; sourceTree = BUILT_PRODUCTS_DIR; };
		C5FAF138213780A700055715 /* AppDelegate.h */ = {isa = PBXFileReference; lastKnownFileType = sourcecode.c.h; path = AppDelegate.h; sourceTree = "<group>"; };
		C5FAF139213780A700055715 /* AppDelegate.m */ = {isa = PBXFileReference; lastKnownFileType = sourcecode.c.objc; path = AppDelegate.m; sourceTree = "<group>"; };
		C5FAF13B213780A700055715 /* ViewController.h */ = {isa = PBXFileReference; lastKnownFileType = sourcecode.c.h; path = ViewController.h; sourceTree = "<group>"; };
		C5FAF13C213780A700055715 /* ViewController.m */ = {isa = PBXFileReference; lastKnownFileType = sourcecode.c.objc; path = ViewController.m; sourceTree = "<group>"; };
		C5FAF13F213780A700055715 /* Base */ = {isa = PBXFileReference; lastKnownFileType = file.storyboard; name = Base; path = Base.lproj/Main.storyboard; sourceTree = "<group>"; };
		C5FAF141213780A800055715 /* Assets.xcassets */ = {isa = PBXFileReference; lastKnownFileType = folder.assetcatalog; path = Assets.xcassets; sourceTree = "<group>"; };
		C5FAF144213780A800055715 /* Base */ = {isa = PBXFileReference; lastKnownFileType = file.storyboard; name = Base; path = Base.lproj/LaunchScreen.storyboard; sourceTree = "<group>"; };
		C5FAF146213780A800055715 /* Info.plist */ = {isa = PBXFileReference; lastKnownFileType = text.plist.xml; path = Info.plist; sourceTree = "<group>"; };
		C5FAF147213780A800055715 /* main.m */ = {isa = PBXFileReference; lastKnownFileType = sourcecode.c.objc; path = main.m; sourceTree = "<group>"; };
		C5FAF14E213780CC00055715 /* IMBridge.h */ = {isa = PBXFileReference; lastKnownFileType = sourcecode.c.h; path = IMBridge.h; sourceTree = "<group>"; };
		C5FAF14F213780CC00055715 /* IMBridge.m */ = {isa = PBXFileReference; lastKnownFileType = sourcecode.c.objc; path = IMBridge.m; sourceTree = "<group>"; };
		C5FAF151213783CC00055715 /* NSArray+ESAdditions.h */ = {isa = PBXFileReference; fileEncoding = 4; lastKnownFileType = sourcecode.c.h; path = "NSArray+ESAdditions.h"; sourceTree = "<group>"; };
		C5FAF152213783CC00055715 /* NSArray+ESAdditions.m */ = {isa = PBXFileReference; fileEncoding = 4; lastKnownFileType = sourcecode.c.objc; path = "NSArray+ESAdditions.m"; sourceTree = "<group>"; };
		C5FAF15421378E4B00055715 /* xxxx.h */ = {isa = PBXFileReference; lastKnownFileType = sourcecode.c.h; path = xxxx.h; sourceTree = "<group>"; };
		C5FAF15521378E4B00055715 /* xxxx.m */ = {isa = PBXFileReference; lastKnownFileType = sourcecode.c.objc; path = xxxx.m; sourceTree = "<group>"; };
/* End PBXFileReference section */

/* Begin PBXFrameworksBuildPhase section */
		C5FAF132213780A700055715 /* Frameworks */ = {
			isa = PBXFrameworksBuildPhase;
			buildActionMask = 2147483647;
			files = (
				4213A2001D9476FFA9D9572E /* libPods-多线程.a in Frameworks */,
			);
			runOnlyForDeploymentPostprocessing = 0;
		};
/* End PBXFrameworksBuildPhase section */

/* Begin PBXGroup section */
		6DEF32FF322B683974B6DBE1 /* Frameworks */ = {
			isa = PBXGroup;
			children = (
				17492C364ABE48231217030D /* libPods-多线程.a */,
			);
			name = Frameworks;
			sourceTree = "<group>";
		};
		96765927DFDD504F5C76976D /* Pods */ = {
			isa = PBXGroup;
			children = (
				5D2EB03172E369832F2514F5 /* Pods-多线程.debug.xcconfig */,
				A9B2FADD810E831AF890AFFC /* Pods-多线程.release.xcconfig */,
			);
			name = Pods;
			sourceTree = "<group>";
		};
		C5FAF12C213780A700055715 = {
			isa = PBXGroup;
			children = (
				C5FAF137213780A700055715 /* 多线程 */,
				C5FAF136213780A700055715 /* Products */,
				96765927DFDD504F5C76976D /* Pods */,
				6DEF32FF322B683974B6DBE1 /* Frameworks */,
			);
			sourceTree = "<group>";
		};
		C5FAF136213780A700055715 /* Products */ = {
			isa = PBXGroup;
			children = (
				C5FAF135213780A700055715 /* 多线程.app */,
			);
			name = Products;
			sourceTree = "<group>";
		};
		C5FAF137213780A700055715 /* 多线程 */ = {
			isa = PBXGroup;
			children = (
				C5FAF138213780A700055715 /* AppDelegate.h */,
				C5FAF139213780A700055715 /* AppDelegate.m */,
				C5FAF14E213780CC00055715 /* IMBridge.h */,
				C5FAF14F213780CC00055715 /* IMBridge.m */,
				C5FAF151213783CC00055715 /* NSArray+ESAdditions.h */,
				C5FAF152213783CC00055715 /* NSArray+ESAdditions.m */,
				C5FAF13B213780A700055715 /* ViewController.h */,
				C5FAF13C213780A700055715 /* ViewController.m */,
				C5FAF15421378E4B00055715 /* xxxx.h */,
				C5FAF15521378E4B00055715 /* xxxx.m */,
				C5FAF13E213780A700055715 /* Main.storyboard */,
				C5FAF141213780A800055715 /* Assets.xcassets */,
				C5FAF143213780A800055715 /* LaunchScreen.storyboard */,
				C5FAF146213780A800055715 /* Info.plist */,
				C5FAF147213780A800055715 /* main.m */,
			);
			path = "多线程";
			sourceTree = "<group>";
		};
/* End PBXGroup section */

/* Begin PBXNativeTarget section */
		C5FAF134213780A700055715 /* 多线程 */ = {
			isa = PBXNativeTarget;
			buildConfigurationList = C5FAF14B213780A800055715 /* Build configuration list for PBXNativeTarget "多线程" */;
			buildPhases = (
				B3E8081E0963955A88CAA2B3 /* [CP] Check Pods Manifest.lock */,
				C5FAF131213780A700055715 /* Sources */,
				C5FAF132213780A700055715 /* Frameworks */,
				C5FAF133213780A700055715 /* Resources */,
			);
			buildRules = (
			);
			dependencies = (
			);
			name = "多线程";
			productName = "多线程";
			productReference = C5FAF135213780A700055715 /* 多线程.app */;
			productType = "com.apple.product-type.application";
		};
/* End PBXNativeTarget section */

/* Begin PBXProject section */
		C5FAF12D213780A700055715 /* Project object */ = {
			isa = PBXProject;
			attributes = {
				LastUpgradeCheck = 0930;
				ORGANIZATIONNAME = com.qixi.live;
				TargetAttributes = {
					C5FAF134213780A700055715 = {
						CreatedOnToolsVersion = 9.3.1;
					};
				};
			};
			buildConfigurationList = C5FAF130213780A700055715 /* Build configuration list for PBXProject "多线程" */;
			compatibilityVersion = "Xcode 9.3";
			developmentRegion = en;
			hasScannedForEncodings = 0;
			knownRegions = (
				en,
				Base,
			);
			mainGroup = C5FAF12C213780A700055715;
			productRefGroup = C5FAF136213780A700055715 /* Products */;
			projectDirPath = "";
			projectRoot = "";
			targets = (
				C5FAF134213780A700055715 /* 多线程 */,
			);
		};
/* End PBXProject section */

/* Begin PBXResourcesBuildPhase section */
		C5FAF133213780A700055715 /* Resources */ = {
			isa = PBXResourcesBuildPhase;
			buildActionMask = 2147483647;
			files = (
				C5FAF145213780A800055715 /* LaunchScreen.storyboard in Resources */,
				C5FAF142213780A800055715 /* Assets.xcassets in Resources */,
				C5FAF140213780A700055715 /* Main.storyboard in Resources */,
			);
			runOnlyForDeploymentPostprocessing = 0;
		};
/* End PBXResourcesBuildPhase section */

/* Begin PBXShellScriptBuildPhase section */
		B3E8081E0963955A88CAA2B3 /* [CP] Check Pods Manifest.lock */ = {
			isa = PBXShellScriptBuildPhase;
			buildActionMask = 2147483647;
			files = (
			);
			inputPaths = (
				"${PODS_PODFILE_DIR_PATH}/Podfile.lock",
				"${PODS_ROOT}/Manifest.lock",
			);
			name = "[CP] Check Pods Manifest.lock";
			outputPaths = (
				"$(DERIVED_FILE_DIR)/Pods-多线程-checkManifestLockResult.txt",
			);
			runOnlyForDeploymentPostprocessing = 0;
			shellPath = /bin/sh;
			shellScript = "diff \"${PODS_PODFILE_DIR_PATH}/Podfile.lock\" \"${PODS_ROOT}/Manifest.lock\" > /dev/null\nif [ $? != 0 ] ; then\n    # print error to STDERR\n    echo \"error: The sandbox is not in sync with the Podfile.lock. Run 'pod install' or update your CocoaPods installation.\" >&2\n    exit 1\nfi\n# This output is used by Xcode 'outputs' to avoid re-running this script phase.\necho \"SUCCESS\" > \"${SCRIPT_OUTPUT_FILE_0}\"\n";
			showEnvVarsInLog = 0;
		};
/* End PBXShellScriptBuildPhase section */

/* Begin PBXSourcesBuildPhase section */
		C5FAF131213780A700055715 /* Sources */ = {
			isa = PBXSourcesBuildPhase;
			buildActionMask = 2147483647;
			files = (
				C5FAF153213783CC00055715 /* NSArray+ESAdditions.m in Sources */,
				C5FAF150213780CC00055715 /* IMBridge.m in Sources */,
				C5FAF13D213780A700055715 /* ViewController.m in Sources */,
				C5FAF15621378E4B00055715 /* xxxx.m in Sources */,
				C5FAF148213780A800055715 /* main.m in Sources */,
				C5FAF13A213780A700055715 /* AppDelegate.m in Sources */,
			);
			runOnlyForDeploymentPostprocessing = 0;
		};
/* End PBXSourcesBuildPhase section */

/* Begin PBXVariantGroup section */
		C5FAF13E213780A700055715 /* Main.storyboard */ = {
			isa = PBXVariantGroup;
			children = (
				C5FAF13F213780A700055715 /* Base */,
			);
			name = Main.storyboard;
			sourceTree = "<group>";
		};
		C5FAF143213780A800055715 /* LaunchScreen.storyboard */ = {
			isa = PBXVariantGroup;
			children = (
				C5FAF144213780A800055715 /* Base */,
			);
			name = LaunchScreen.storyboard;
			sourceTree = "<group>";
		};
/* End PBXVariantGroup section */

/* Begin XCBuildConfiguration section */
		C5FAF149213780A800055715 /* Debug */ = {
			isa = XCBuildConfiguration;
			buildSettings = {
				ALWAYS_SEARCH_USER_PATHS = NO;
				CLANG_ANALYZER_NONNULL = YES;
				CLANG_ANALYZER_NUMBER_OBJECT_CONVERSION = YES_AGGRESSIVE;
				CLANG_CXX_LANGUAGE_STANDARD = "gnu++14";
				CLANG_CXX_LIBRARY = "libc++";
				CLANG_ENABLE_MODULES = YES;
				CLANG_ENABLE_OBJC_ARC = YES;
				CLANG_ENABLE_OBJC_WEAK = YES;
				CLANG_WARN_BLOCK_CAPTURE_AUTORELEASING = YES;
				CLANG_WARN_BOOL_CONVERSION = YES;
				CLANG_WARN_COMMA = YES;
				CLANG_WARN_CONSTANT_CONVERSION = YES;
				CLANG_WARN_DEPRECATED_OBJC_IMPLEMENTATIONS = YES;
				CLANG_WARN_DIRECT_OBJC_ISA_USAGE = YES_ERROR;
				CLANG_WARN_DOCUMENTATION_COMMENTS = YES;
				CLANG_WARN_EMPTY_BODY = YES;
				CLANG_WARN_ENUM_CONVERSION = YES;
				CLANG_WARN_INFINITE_RECURSION = YES;
				CLANG_WARN_INT_CONVERSION = YES;
				CLANG_WARN_NON_LITERAL_NULL_CONVERSION = YES;
				CLANG_WARN_OBJC_IMPLICIT_RETAIN_SELF = YES;
				CLANG_WARN_OBJC_LITERAL_CONVERSION = YES;
				CLANG_WARN_OBJC_ROOT_CLASS = YES_ERROR;
				CLANG_WARN_RANGE_LOOP_ANALYSIS = YES;
				CLANG_WARN_STRICT_PROTOTYPES = YES;
				CLANG_WARN_SUSPICIOUS_MOVE = YES;
				CLANG_WARN_UNGUARDED_AVAILABILITY = YES_AGGRESSIVE;
				CLANG_WARN_UNREACHABLE_CODE = YES;
				CLANG_WARN__DUPLICATE_METHOD_MATCH = YES;
				CODE_SIGN_IDENTITY = "iPhone Developer";
				COPY_PHASE_STRIP = NO;
				DEBUG_INFORMATION_FORMAT = dwarf;
				ENABLE_STRICT_OBJC_MSGSEND = YES;
				ENABLE_TESTABILITY = YES;
				GCC_C_LANGUAGE_STANDARD = gnu11;
				GCC_DYNAMIC_NO_PIC = NO;
				GCC_NO_COMMON_BLOCKS = YES;
				GCC_OPTIMIZATION_LEVEL = 0;
				GCC_PREPROCESSOR_DEFINITIONS = (
					"DEBUG=1",
					"$(inherited)",
				);
				GCC_WARN_64_TO_32_BIT_CONVERSION = YES;
				GCC_WARN_ABOUT_RETURN_TYPE = YES_ERROR;
				GCC_WARN_UNDECLARED_SELECTOR = YES;
				GCC_WARN_UNINITIALIZED_AUTOS = YES_AGGRESSIVE;
				GCC_WARN_UNUSED_FUNCTION = YES;
				GCC_WARN_UNUSED_VARIABLE = YES;
				IPHONEOS_DEPLOYMENT_TARGET = 11.3;
				MTL_ENABLE_DEBUG_INFO = YES;
				ONLY_ACTIVE_ARCH = YES;
				SDKROOT = iphoneos;
			};
			name = Debug;
		};
		C5FAF14A213780A800055715 /* Release */ = {
			isa = XCBuildConfiguration;
			buildSettings = {
				ALWAYS_SEARCH_USER_PATHS = NO;
				CLANG_ANALYZER_NONNULL = YES;
				CLANG_ANALYZER_NUMBER_OBJECT_CONVERSION = YES_AGGRESSIVE;
				CLANG_CXX_LANGUAGE_STANDARD = "gnu++14";
				CLANG_CXX_LIBRARY = "libc++";
				CLANG_ENABLE_MODULES = YES;
				CLANG_ENABLE_OBJC_ARC = YES;
				CLANG_ENABLE_OBJC_WEAK = YES;
				CLANG_WARN_BLOCK_CAPTURE_AUTORELEASING = YES;
				CLANG_WARN_BOOL_CONVERSION = YES;
				CLANG_WARN_COMMA = YES;
				CLANG_WARN_CONSTANT_CONVERSION = YES;
				CLANG_WARN_DEPRECATED_OBJC_IMPLEMENTATIONS = YES;
				CLANG_WARN_DIRECT_OBJC_ISA_USAGE = YES_ERROR;
				CLANG_WARN_DOCUMENTATION_COMMENTS = YES;
				CLANG_WARN_EMPTY_BODY = YES;
				CLANG_WARN_ENUM_CONVERSION = YES;
				CLANG_WARN_INFINITE_RECURSION = YES;
				CLANG_WARN_INT_CONVERSION = YES;
				CLANG_WARN_NON_LITERAL_NULL_CONVERSION = YES;
				CLANG_WARN_OBJC_IMPLICIT_RETAIN_SELF = YES;
				CLANG_WARN_OBJC_LITERAL_CONVERSION = YES;
				CLANG_WARN_OBJC_ROOT_CLASS = YES_ERROR;
				CLANG_WARN_RANGE_LOOP_ANALYSIS = YES;
				CLANG_WARN_STRICT_PROTOTYPES = YES;
				CLANG_WARN_SUSPICIOUS_MOVE = YES;
				CLANG_WARN_UNGUARDED_AVAILABILITY = YES_AGGRESSIVE;
				CLANG_WARN_UNREACHABLE_CODE = YES;
				CLANG_WARN__DUPLICATE_METHOD_MATCH = YES;
				CODE_SIGN_IDENTITY = "iPhone Developer";
				COPY_PHASE_STRIP = NO;
				DEBUG_INFORMATION_FORMAT = "dwarf-with-dsym";
				ENABLE_NS_ASSERTIONS = NO;
				ENABLE_STRICT_OBJC_MSGSEND = YES;
				GCC_C_LANGUAGE_STANDARD = gnu11;
				GCC_NO_COMMON_BLOCKS = YES;
				GCC_WARN_64_TO_32_BIT_CONVERSION = YES;
				GCC_WARN_ABOUT_RETURN_TYPE = YES_ERROR;
				GCC_WARN_UNDECLARED_SELECTOR = YES;
				GCC_WARN_UNINITIALIZED_AUTOS = YES_AGGRESSIVE;
				GCC_WARN_UNUSED_FUNCTION = YES;
				GCC_WARN_UNUSED_VARIABLE = YES;
				IPHONEOS_DEPLOYMENT_TARGET = 11.3;
				MTL_ENABLE_DEBUG_INFO = NO;
				SDKROOT = iphoneos;
				VALIDATE_PRODUCT = YES;
			};
			name = Release;
		};
		C5FAF14C213780A800055715 /* Debug */ = {
			isa = XCBuildConfiguration;
			baseConfigurationReference = 5D2EB03172E369832F2514F5 /* Pods-多线程.debug.xcconfig */;
			buildSettings = {
				ASSETCATALOG_COMPILER_APPICON_NAME = AppIcon;
				CODE_SIGN_STYLE = Automatic;
				INFOPLIST_FILE = "多线程/Info.plist";
				LD_RUNPATH_SEARCH_PATHS = (
					"$(inherited)",
					"@executable_path/Frameworks",
				);
				PRODUCT_BUNDLE_IDENTIFIER = "com.qixi.live.---";
				PRODUCT_NAME = "$(TARGET_NAME)";
				TARGETED_DEVICE_FAMILY = "1,2";
			};
			name = Debug;
		};
		C5FAF14D213780A800055715 /* Release */ = {
			isa = XCBuildConfiguration;
			baseConfigurationReference = A9B2FADD810E831AF890AFFC /* Pods-多线程.release.xcconfig */;
			buildSettings = {
				ASSETCATALOG_COMPILER_APPICON_NAME = AppIcon;
				CODE_SIGN_STYLE = Automatic;
				INFOPLIST_FILE = "多线程/Info.plist";
				LD_RUNPATH_SEARCH_PATHS = (
					"$(inherited)",
					"@executable_path/Frameworks",
				);
				PRODUCT_BUNDLE_IDENTIFIER = "com.qixi.live.---";
				PRODUCT_NAME = "$(TARGET_NAME)";
				TARGETED_DEVICE_FAMILY = "1,2";
			};
			name = Release;
		};
/* End XCBuildConfiguration section */

/* Begin XCConfigurationList section */
		C5FAF130213780A700055715 /* Build configuration list for PBXProject "多线程" */ = {
			isa = XCConfigurationList;
			buildConfigurations = (
				C5FAF149213780A800055715 /* Debug */,
				C5FAF14A213780A800055715 /* Release */,
			);
			defaultConfigurationIsVisible = 0;
			defaultConfigurationName = Release;
		};
		C5FAF14B213780A800055715 /* Build configuration list for PBXNativeTarget "多线程" */ = {
			isa = XCConfigurationList;
			buildConfigurations = (
				C5FAF14C213780A800055715 /* Debug */,
				C5FAF14D213780A800055715 /* Release */,
			);
			defaultConfigurationIsVisible = 0;
			defaultConfigurationName = Release;
		};
/* End XCConfigurationList section */
	};
	rootObject = C5FAF12D213780A700055715 /* Project object */;
}
